
Microsoft Visual Studio Solution File, Format Version 12.00
# Visual Studio 2012
Project("{2150E333-8FDC-42A3-9474-1A3956D46DE8}") = "test", "test", "{4F9FFF9E-E305-43F9-8C89-DF22676AD343}"
EndProject
Project("{2150E333-8FDC-42A3-9474-1A3956D46DE8}") = "bench", "bench", "{79B3156A-7ABC-495D-9326-D10FDDB55FA8}"
EndProject
Project("{FAE04EC0-301F-11D3-BF4B-00C04F79EFBC}") = "Vertesaur.Core", "src\Vertesaur.Core\Vertesaur.Core.csproj", "{3202D8B1-CA6C-4403-912B-8D9063CA022A}"
EndProject
Project("{FAE04EC0-301F-11D3-BF4B-00C04F79EFBC}") = "Vertesaur.Core.Test", "src\Vertesaur.Core.Test\Vertesaur.Core.Test.csproj", "{3E6B5F52-D710-4E19-8989-ECD9772977E6}"
EndProject
Project("{FAE04EC0-301F-11D3-BF4B-00C04F79EFBC}") = "Vertesaur.Core.PolygonOperation.Test", "src\Vertesaur.Core.PolygonOperation.Test\Vertesaur.Core.PolygonOperation.Test.csproj", "{DED4013E-C292-4CE9-B4B6-FB6B2F839D60}"
EndProject
Project("{2150E333-8FDC-42A3-9474-1A3956D46DE8}") = "build", "build", "{B41B37F5-9D3F-4181-8E5B-89BC0DA48447}"
	ProjectSection(SolutionItems) = preProject
		rakefile = rakefile
		build\vertesaur.generation.nuspec = build\vertesaur.generation.nuspec
		build\vertesaur.nuspec = build\vertesaur.nuspec
	EndProjectSection
EndProject
Project("{2150E333-8FDC-42A3-9474-1A3956D46DE8}") = "src", "src", "{68ADE801-EB19-4353-AD58-67E2F4A14DD9}"
	ProjectSection(SolutionItems) = preProject
		src\VertesaurAssemblyInfo.cs = src\VertesaurAssemblyInfo.cs
	EndProjectSection
EndProject
Project("{FAE04EC0-301F-11D3-BF4B-00C04F79EFBC}") = "IntersectionPerformanceTest", "src\IntersectionPerformanceTest\IntersectionPerformanceTest.csproj", "{6CA3BAC5-D8DB-4EA6-A9E1-B55E313BAA32}"
EndProject
Project("{FAE04EC0-301F-11D3-BF4B-00C04F79EFBC}") = "Vertesaur.Generation.Test", "src\Vertesaur.Generation.Test\Vertesaur.Generation.Test.csproj", "{CC6226E4-4CF8-4A11-B845-F994ED1DE85B}"
EndProject
Project("{FAE04EC0-301F-11D3-BF4B-00C04F79EFBC}") = "Vertesaur.Generation", "src\Vertesaur.Generation\Vertesaur.Generation.csproj", "{3D67D62D-0F74-4570-9BB3-2653E7DFBC4E}"
EndProject
Global
	GlobalSection(SolutionConfigurationPlatforms) = preSolution
		Debug|Any CPU = Debug|Any CPU
		Debug|Mixed Platforms = Debug|Mixed Platforms
		Debug|x86 = Debug|x86
		DebugCC|Any CPU = DebugCC|Any CPU
		DebugCC|Mixed Platforms = DebugCC|Mixed Platforms
		DebugCC|x86 = DebugCC|x86
		Release|Any CPU = Release|Any CPU
		Release|Mixed Platforms = Release|Mixed Platforms
		Release|x86 = Release|x86
	EndGlobalSection
	GlobalSection(ProjectConfigurationPlatforms) = postSolution
		{3202D8B1-CA6C-4403-912B-8D9063CA022A}.Debug|Any CPU.ActiveCfg = Debug|Any CPU
		{3202D8B1-CA6C-4403-912B-8D9063CA022A}.Debug|Any CPU.Build.0 = Debug|Any CPU
		{3202D8B1-CA6C-4403-912B-8D9063CA022A}.Debug|Mixed Platforms.ActiveCfg = Debug|Any CPU
		{3202D8B1-CA6C-4403-912B-8D9063CA022A}.Debug|Mixed Platforms.Build.0 = Debug|Any CPU
		{3202D8B1-CA6C-4403-912B-8D9063CA022A}.Debug|x86.ActiveCfg = Debug|Any CPU
		{3202D8B1-CA6C-4403-912B-8D9063CA022A}.DebugCC|Any CPU.ActiveCfg = DebugCC|Any CPU
		{3202D8B1-CA6C-4403-912B-8D9063CA022A}.DebugCC|Any CPU.Build.0 = DebugCC|Any CPU
		{3202D8B1-CA6C-4403-912B-8D9063CA022A}.DebugCC|Mixed Platforms.ActiveCfg = DebugCC|Any CPU
		{3202D8B1-CA6C-4403-912B-8D9063CA022A}.DebugCC|Mixed Platforms.Build.0 = DebugCC|Any CPU
		{3202D8B1-CA6C-4403-912B-8D9063CA022A}.DebugCC|x86.ActiveCfg = DebugCC|Any CPU
		{3202D8B1-CA6C-4403-912B-8D9063CA022A}.Release|Any CPU.ActiveCfg = Release|Any CPU
		{3202D8B1-CA6C-4403-912B-8D9063CA022A}.Release|Any CPU.Build.0 = Release|Any CPU
		{3202D8B1-CA6C-4403-912B-8D9063CA022A}.Release|Mixed Platforms.ActiveCfg = Release|Any CPU
		{3202D8B1-CA6C-4403-912B-8D9063CA022A}.Release|Mixed Platforms.Build.0 = Release|Any CPU
		{3202D8B1-CA6C-4403-912B-8D9063CA022A}.Release|x86.ActiveCfg = Release|Any CPU
		{3E6B5F52-D710-4E19-8989-ECD9772977E6}.Debug|Any CPU.ActiveCfg = Debug|Any CPU
		{3E6B5F52-D710-4E19-8989-ECD9772977E6}.Debug|Any CPU.Build.0 = Debug|Any CPU
		{3E6B5F52-D710-4E19-8989-ECD9772977E6}.Debug|Mixed Platforms.ActiveCfg = Debug|Any CPU
		{3E6B5F52-D710-4E19-8989-ECD9772977E6}.Debug|Mixed Platforms.Build.0 = Debug|Any CPU
		{3E6B5F52-D710-4E19-8989-ECD9772977E6}.Debug|x86.ActiveCfg = Debug|Any CPU
		{3E6B5F52-D710-4E19-8989-ECD9772977E6}.DebugCC|Any CPU.ActiveCfg = DebugCC|Any CPU
		{3E6B5F52-D710-4E19-8989-ECD9772977E6}.DebugCC|Any CPU.Build.0 = DebugCC|Any CPU
		{3E6B5F52-D710-4E19-8989-ECD9772977E6}.DebugCC|Mixed Platforms.ActiveCfg = DebugCC|Any CPU
		{3E6B5F52-D710-4E19-8989-ECD9772977E6}.DebugCC|Mixed Platforms.Build.0 = DebugCC|Any CPU
		{3E6B5F52-D710-4E19-8989-ECD9772977E6}.DebugCC|x86.ActiveCfg = DebugCC|Any CPU
		{3E6B5F52-D710-4E19-8989-ECD9772977E6}.Release|Any CPU.ActiveCfg = Release|Any CPU
		{3E6B5F52-D710-4E19-8989-ECD9772977E6}.Release|Any CPU.Build.0 = Release|Any CPU
		{3E6B5F52-D710-4E19-8989-ECD9772977E6}.Release|Mixed Platforms.ActiveCfg = Release|Any CPU
		{3E6B5F52-D710-4E19-8989-ECD9772977E6}.Release|Mixed Platforms.Build.0 = Release|Any CPU
		{3E6B5F52-D710-4E19-8989-ECD9772977E6}.Release|x86.ActiveCfg = Release|Any CPU
		{DED4013E-C292-4CE9-B4B6-FB6B2F839D60}.Debug|Any CPU.ActiveCfg = Debug|Any CPU
		{DED4013E-C292-4CE9-B4B6-FB6B2F839D60}.Debug|Any CPU.Build.0 = Debug|Any CPU
		{DED4013E-C292-4CE9-B4B6-FB6B2F839D60}.Debug|Mixed Platforms.ActiveCfg = Debug|Any CPU
		{DED4013E-C292-4CE9-B4B6-FB6B2F839D60}.Debug|Mixed Platforms.Build.0 = Debug|Any CPU
		{DED4013E-C292-4CE9-B4B6-FB6B2F839D60}.Debug|x86.ActiveCfg = Debug|Any CPU
		{DED4013E-C292-4CE9-B4B6-FB6B2F839D60}.DebugCC|Any CPU.ActiveCfg = DebugCC|Any CPU
		{DED4013E-C292-4CE9-B4B6-FB6B2F839D60}.DebugCC|Any CPU.Build.0 = DebugCC|Any CPU
		{DED4013E-C292-4CE9-B4B6-FB6B2F839D60}.DebugCC|Mixed Platforms.ActiveCfg = DebugCC|Any CPU
		{DED4013E-C292-4CE9-B4B6-FB6B2F839D60}.DebugCC|Mixed Platforms.Build.0 = DebugCC|Any CPU
		{DED4013E-C292-4CE9-B4B6-FB6B2F839D60}.DebugCC|x86.ActiveCfg = DebugCC|Any CPU
		{DED4013E-C292-4CE9-B4B6-FB6B2F839D60}.Release|Any CPU.ActiveCfg = Release|Any CPU
		{DED4013E-C292-4CE9-B4B6-FB6B2F839D60}.Release|Any CPU.Build.0 = Release|Any CPU
		{DED4013E-C292-4CE9-B4B6-FB6B2F839D60}.Release|Mixed Platforms.ActiveCfg = Release|Any CPU
		{DED4013E-C292-4CE9-B4B6-FB6B2F839D60}.Release|Mixed Platforms.Build.0 = Release|Any CPU
		{DED4013E-C292-4CE9-B4B6-FB6B2F839D60}.Release|x86.ActiveCfg = Release|Any CPU
		{6CA3BAC5-D8DB-4EA6-A9E1-B55E313BAA32}.Debug|Any CPU.ActiveCfg = Debug|Any CPU
		{6CA3BAC5-D8DB-4EA6-A9E1-B55E313BAA32}.Debug|Any CPU.Build.0 = Debug|Any CPU
		{6CA3BAC5-D8DB-4EA6-A9E1-B55E313BAA32}.Debug|Mixed Platforms.ActiveCfg = Debug|Any CPU
		{6CA3BAC5-D8DB-4EA6-A9E1-B55E313BAA32}.Debug|Mixed Platforms.Build.0 = Debug|Any CPU
		{6CA3BAC5-D8DB-4EA6-A9E1-B55E313BAA32}.Debug|x86.ActiveCfg = Debug|Any CPU
		{6CA3BAC5-D8DB-4EA6-A9E1-B55E313BAA32}.DebugCC|Any CPU.ActiveCfg = DebugCC|Any CPU
		{6CA3BAC5-D8DB-4EA6-A9E1-B55E313BAA32}.DebugCC|Mixed Platforms.ActiveCfg = DebugCC|Any CPU
		{6CA3BAC5-D8DB-4EA6-A9E1-B55E313BAA32}.DebugCC|Mixed Platforms.Build.0 = DebugCC|Any CPU
		{6CA3BAC5-D8DB-4EA6-A9E1-B55E313BAA32}.DebugCC|x86.ActiveCfg = DebugCC|Any CPU
		{6CA3BAC5-D8DB-4EA6-A9E1-B55E313BAA32}.Release|Any CPU.ActiveCfg = Release|Any CPU
		{6CA3BAC5-D8DB-4EA6-A9E1-B55E313BAA32}.Release|Any CPU.Build.0 = Release|Any CPU
		{6CA3BAC5-D8DB-4EA6-A9E1-B55E313BAA32}.Release|Mixed Platforms.ActiveCfg = Release|Any CPU
		{6CA3BAC5-D8DB-4EA6-A9E1-B55E313BAA32}.Release|Mixed Platforms.Build.0 = Release|Any CPU
		{6CA3BAC5-D8DB-4EA6-A9E1-B55E313BAA32}.Release|x86.ActiveCfg = Release|Any CPU
		{CC6226E4-4CF8-4A11-B845-F994ED1DE85B}.Debug|Any CPU.ActiveCfg = Debug|Any CPU
		{CC6226E4-4CF8-4A11-B845-F994ED1DE85B}.Debug|Any CPU.Build.0 = Debug|Any CPU
		{CC6226E4-4CF8-4A11-B845-F994ED1DE85B}.Debug|Mixed Platforms.ActiveCfg = Debug|Any CPU
		{CC6226E4-4CF8-4A11-B845-F994ED1DE85B}.Debug|Mixed Platforms.Build.0 = Debug|Any CPU
		{CC6226E4-4CF8-4A11-B845-F994ED1DE85B}.Debug|x86.ActiveCfg = Debug|Any CPU
		{CC6226E4-4CF8-4A11-B845-F994ED1DE85B}.DebugCC|Any CPU.ActiveCfg = DebugCC|Any CPU
		{CC6226E4-4CF8-4A11-B845-F994ED1DE85B}.DebugCC|Any CPU.Build.0 = DebugCC|Any CPU
		{CC6226E4-4CF8-4A11-B845-F994ED1DE85B}.DebugCC|Mixed Platforms.ActiveCfg = DebugCC|Any CPU
		{CC6226E4-4CF8-4A11-B845-F994ED1DE85B}.DebugCC|Mixed Platforms.Build.0 = DebugCC|Any CPU
		{CC6226E4-4CF8-4A11-B845-F994ED1DE85B}.DebugCC|x86.ActiveCfg = DebugCC|Any CPU
		{CC6226E4-4CF8-4A11-B845-F994ED1DE85B}.Release|Any CPU.ActiveCfg = Release|Any CPU
		{CC6226E4-4CF8-4A11-B845-F994ED1DE85B}.Release|Any CPU.Build.0 = Release|Any CPU
		{CC6226E4-4CF8-4A11-B845-F994ED1DE85B}.Release|Mixed Platforms.ActiveCfg = Release|Any CPU
		{CC6226E4-4CF8-4A11-B845-F994ED1DE85B}.Release|Mixed Platforms.Build.0 = Release|Any CPU
		{CC6226E4-4CF8-4A11-B845-F994ED1DE85B}.Release|x86.ActiveCfg = Release|Any CPU
		{3D67D62D-0F74-4570-9BB3-2653E7DFBC4E}.Debug|Any CPU.ActiveCfg = Debug|Any CPU
		{3D67D62D-0F74-4570-9BB3-2653E7DFBC4E}.Debug|Any CPU.Build.0 = Debug|Any CPU
		{3D67D62D-0F74-4570-9BB3-2653E7DFBC4E}.Debug|Mixed Platforms.ActiveCfg = Debug|Any CPU
		{3D67D62D-0F74-4570-9BB3-2653E7DFBC4E}.Debug|Mixed Platforms.Build.0 = Debug|Any CPU
		{3D67D62D-0F74-4570-9BB3-2653E7DFBC4E}.Debug|x86.ActiveCfg = Debug|Any CPU
		{3D67D62D-0F74-4570-9BB3-2653E7DFBC4E}.DebugCC|Any CPU.ActiveCfg = DebugCC|Any CPU
		{3D67D62D-0F74-4570-9BB3-2653E7DFBC4E}.DebugCC|Any CPU.Build.0 = DebugCC|Any CPU
		{3D67D62D-0F74-4570-9BB3-2653E7DFBC4E}.DebugCC|Mixed Platforms.ActiveCfg = DebugCC|Any CPU
		{3D67D62D-0F74-4570-9BB3-2653E7DFBC4E}.DebugCC|Mixed Platforms.Build.0 = DebugCC|Any CPU
		{3D67D62D-0F74-4570-9BB3-2653E7DFBC4E}.DebugCC|x86.ActiveCfg = DebugCC|Any CPU
		{3D67D62D-0F74-4570-9BB3-2653E7DFBC4E}.Release|Any CPU.ActiveCfg = Release|Any CPU
		{3D67D62D-0F74-4570-9BB3-2653E7DFBC4E}.Release|Any CPU.Build.0 = Release|Any CPU
		{3D67D62D-0F74-4570-9BB3-2653E7DFBC4E}.Release|Mixed Platforms.ActiveCfg = Release|Any CPU
		{3D67D62D-0F74-4570-9BB3-2653E7DFBC4E}.Release|Mixed Platforms.Build.0 = Release|Any CPU
		{3D67D62D-0F74-4570-9BB3-2653E7DFBC4E}.Release|x86.ActiveCfg = Release|Any CPU
	EndGlobalSection
	GlobalSection(SolutionProperties) = preSolution
		HideSolutionNode = FALSE
	EndGlobalSection
	GlobalSection(NestedProjects) = preSolution
		{3E6B5F52-D710-4E19-8989-ECD9772977E6} = {4F9FFF9E-E305-43F9-8C89-DF22676AD343}
		{DED4013E-C292-4CE9-B4B6-FB6B2F839D60} = {4F9FFF9E-E305-43F9-8C89-DF22676AD343}
		{CC6226E4-4CF8-4A11-B845-F994ED1DE85B} = {4F9FFF9E-E305-43F9-8C89-DF22676AD343}
		{6CA3BAC5-D8DB-4EA6-A9E1-B55E313BAA32} = {79B3156A-7ABC-495D-9326-D10FDDB55FA8}
		{3202D8B1-CA6C-4403-912B-8D9063CA022A} = {68ADE801-EB19-4353-AD58-67E2F4A14DD9}
		{3D67D62D-0F74-4570-9BB3-2653E7DFBC4E} = {68ADE801-EB19-4353-AD58-67E2F4A14DD9}
	EndGlobalSection
EndGlobal
